
Microsoft Visual Studio Solution File, Format Version 12.00
# Visual Studio 14
VisualStudioVersion = 14.0.25420.1
MinimumVisualStudioVersion = 10.0.40219.1
Project("{8BC9CEB8-8B4A-11D0-8D11-00A0C91BC942}") = "stewart01", "stewart01\stewart01.vcxproj", "{59C25A5B-392E-48AC-9711-7233D9397191}"
EndProject
Project("{8BC9CEB8-8B4A-11D0-8D11-00A0C91BC942}") = "device", "device\device.vcxproj", "{38F2F350-C866-4283-BEE2-22E0D8C0106A}"
EndProject
Project("{8BC9CEB8-8B4A-11D0-8D11-00A0C91BC942}") = "upper", "upper\upper.vcxproj", "{18B60034-A79B-419F-9553-BDD9F405C95D}"
EndProject
Global
	GlobalSection(SolutionConfigurationPlatforms) = preSolution
		Debug|x64 = Debug|x64
		Debug|x86 = Debug|x86
		Release|x64 = Release|x64
		Release|x86 = Release|x86
	EndGlobalSection
	GlobalSection(ProjectConfigurationPlatforms) = postSolution
		{59C25A5B-392E-48AC-9711-7233D9397191}.Debug|x64.ActiveCfg = Debug|x64
		{59C25A5B-392E-48AC-9711-7233D9397191}.Debug|x64.Build.0 = Debug|x64
		{59C25A5B-392E-48AC-9711-7233D9397191}.Debug|x86.ActiveCfg = Debug|Win32
		{59C25A5B-392E-48AC-9711-7233D9397191}.Debug|x86.Build.0 = Debug|Win32
		{59C25A5B-392E-48AC-9711-7233D9397191}.Release|x64.ActiveCfg = Release|x64
		{59C25A5B-392E-48AC-9711-7233D9397191}.Release|x64.Build.0 = Release|x64
		{59C25A5B-392E-48AC-9711-7233D9397191}.Release|x86.ActiveCfg = Release|Win32
		{59C25A5B-392E-48AC-9711-7233D9397191}.Release|x86.Build.0 = Release|Win32
		{38F2F350-C866-4283-BEE2-22E0D8C0106A}.Debug|x64.ActiveCfg = Debug|x64
		{38F2F350-C866-4283-BEE2-22E0D8C0106A}.Debug|x64.Build.0 = Debug|x64
		{38F2F350-C866-4283-BEE2-22E0D8C0106A}.Debug|x86.ActiveCfg = Debug|Win32
		{38F2F350-C866-4283-BEE2-22E0D8C0106A}.Debug|x86.Build.0 = Debug|Win32
		{38F2F350-C866-4283-BEE2-22E0D8C0106A}.Release|x64.ActiveCfg = Release|x64
		{38F2F350-C866-4283-BEE2-22E0D8C0106A}.Release|x64.Build.0 = Release|x64
		{38F2F350-C866-4283-BEE2-22E0D8C0106A}.Release|x86.ActiveCfg = Release|Win32
		{38F2F350-C866-4283-BEE2-22E0D8C0106A}.Release|x86.Build.0 = Release|Win32
		{18B60034-A79B-419F-9553-BDD9F405C95D}.Debug|x64.ActiveCfg = Debug|x64
		{18B60034-A79B-419F-9553-BDD9F405C95D}.Debug|x64.Build.0 = Debug|x64
		{18B60034-A79B-419F-9553-BDD9F405C95D}.Debug|x86.ActiveCfg = Debug|Win32
		{18B60034-A79B-419F-9553-BDD9F405C95D}.Debug|x86.Build.0 = Debug|Win32
		{18B60034-A79B-419F-9553-BDD9F405C95D}.Release|x64.ActiveCfg = Release|x64
		{18B60034-A79B-419F-9553-BDD9F405C95D}.Release|x64.Build.0 = Release|x64
		{18B60034-A79B-419F-9553-BDD9F405C95D}.Release|x86.ActiveCfg = Release|Win32
		{18B60034-A79B-419F-9553-BDD9F405C95D}.Release|x86.Build.0 = Release|Win32
	EndGlobalSection
	GlobalSection(SolutionProperties) = preSolution
		HideSolutionNode = FALSE
	EndGlobalSection
EndGlobal
